
Microsoft Visual Studio Solution File, Format Version 12.00
# Visual Studio 15
VisualStudioVersion = 15.0.26403.7
MinimumVisualStudioVersion = 10.0.40219.1
Project("{9092AA53-FB77-4645-B42D-1CCCA6BD08BD}") = "superdup-auth-core", "superdup-auth-core\superdup-auth-core.njsproj", "{EE8BF1EB-D012-4A4C-97B2-234F1E992D6A}"
	ProjectSection(ProjectDependencies) = postProject
		{640DEB75-D0A4-4D43-97BB-8C5B753C127E} = {640DEB75-D0A4-4D43-97BB-8C5B753C127E}
		{6FFD2B9D-D81C-4262-B2A6-834EF4B428D4} = {6FFD2B9D-D81C-4262-B2A6-834EF4B428D4}
		{0398ACA7-976D-470A-BF9B-B2D1EC4D4380} = {0398ACA7-976D-470A-BF9B-B2D1EC4D4380}
		{4055A4B8-A333-409A-8DCB-1349A1EE266A} = {4055A4B8-A333-409A-8DCB-1349A1EE266A}
		{C3BB67ED-5DCF-4D8D-83E3-E5990B8D9A98} = {C3BB67ED-5DCF-4D8D-83E3-E5990B8D9A98}
	EndProjectSection
EndProject
Project("{9092AA53-FB77-4645-B42D-1CCCA6BD08BD}") = "superdup-auth-angular", "superdup-auth-angular\superdup-auth-angular.njsproj", "{8A5D12E7-D8D5-4774-B924-F83B9E76727B}"
	ProjectSection(ProjectDependencies) = postProject
		{EE8BF1EB-D012-4A4C-97B2-234F1E992D6A} = {EE8BF1EB-D012-4A4C-97B2-234F1E992D6A}
	EndProjectSection
EndProject
Project("{9092AA53-FB77-4645-B42D-1CCCA6BD08BD}") = "superdup-auth-auth0js", "superdup-auth-auth0js\superdup-auth-auth0js.njsproj", "{71954F3C-54D3-4007-B8AC-C58A0DC2EA15}"
	ProjectSection(ProjectDependencies) = postProject
		{C3BB67ED-5DCF-4D8D-83E3-E5990B8D9A98} = {C3BB67ED-5DCF-4D8D-83E3-E5990B8D9A98}
	EndProjectSection
EndProject
Project("{9092AA53-FB77-4645-B42D-1CCCA6BD08BD}") = "superdup-auth-oidc", "superdup-auth-oidc\superdup-auth-oidc.njsproj", "{ADA1D536-0178-4D8F-8B79-9861C3CE66BF}"
	ProjectSection(ProjectDependencies) = postProject
		{EE8BF1EB-D012-4A4C-97B2-234F1E992D6A} = {EE8BF1EB-D012-4A4C-97B2-234F1E992D6A}
	EndProjectSection
EndProject
Project("{9092AA53-FB77-4645-B42D-1CCCA6BD08BD}") = "superdup-auth-ngdemo", "superdup-auth-ngdemo\superdup-auth-ngdemo.njsproj", "{E67B2BB4-6BB8-4EFE-8171-37D5AB8CDAD5}"
	ProjectSection(ProjectDependencies) = postProject
		{71954F3C-54D3-4007-B8AC-C58A0DC2EA15} = {71954F3C-54D3-4007-B8AC-C58A0DC2EA15}
		{8A5D12E7-D8D5-4774-B924-F83B9E76727B} = {8A5D12E7-D8D5-4774-B924-F83B9E76727B}
	EndProjectSection
EndProject
Project("{9092AA53-FB77-4645-B42D-1CCCA6BD08BD}") = "superdup-auth-log", "superdup-auth-log\superdup-auth-log.njsproj", "{4055A4B8-A333-409A-8DCB-1349A1EE266A}"
EndProject
Project("{9092AA53-FB77-4645-B42D-1CCCA6BD08BD}") = "superdup-auth-core-providers", "superdup-auth-core-providers\superdup-auth-core-providers.njsproj", "{C3BB67ED-5DCF-4D8D-83E3-E5990B8D9A98}"
EndProject
Project("{2150E333-8FDC-42A3-9474-1A3956D46DE8}") = "Solution Items", "Solution Items", "{D2C92117-4B01-436B-B26F-BF230F8118D5}"
	ProjectSection(SolutionItems) = preProject
		makelinks.cmd = makelinks.cmd
	EndProjectSection
EndProject
Project("{9092AA53-FB77-4645-B42D-1CCCA6BD08BD}") = "superdup-auth-core-login", "superdup-auth-core-login\superdup-auth-core-login.njsproj", "{640DEB75-D0A4-4D43-97BB-8C5B753C127E}"
	ProjectSection(ProjectDependencies) = postProject
		{4055A4B8-A333-409A-8DCB-1349A1EE266A} = {4055A4B8-A333-409A-8DCB-1349A1EE266A}
		{C3BB67ED-5DCF-4D8D-83E3-E5990B8D9A98} = {C3BB67ED-5DCF-4D8D-83E3-E5990B8D9A98}
	EndProjectSection
EndProject
Project("{9092AA53-FB77-4645-B42D-1CCCA6BD08BD}") = "superdup-auth-core-tokens", "superdup-auth-core-tokens\superdup-auth-core-tokens.njsproj", "{6FFD2B9D-D81C-4262-B2A6-834EF4B428D4}"
EndProject
Project("{9092AA53-FB77-4645-B42D-1CCCA6BD08BD}") = "superdup-auth-core-apis", "superdup-auth-core-apis\superdup-auth-core-apis.njsproj", "{0398ACA7-976D-470A-BF9B-B2D1EC4D4380}"
EndProject
Project("{9092AA53-FB77-4645-B42D-1CCCA6BD08BD}") = "superdup-auth", "superdup-auth\superdup-auth.njsproj", "{9FE4365A-C905-46B9-AC85-F83604D837B5}"
	ProjectSection(ProjectDependencies) = postProject
		{71954F3C-54D3-4007-B8AC-C58A0DC2EA15} = {71954F3C-54D3-4007-B8AC-C58A0DC2EA15}
		{8A5D12E7-D8D5-4774-B924-F83B9E76727B} = {8A5D12E7-D8D5-4774-B924-F83B9E76727B}
		{EE8BF1EB-D012-4A4C-97B2-234F1E992D6A} = {EE8BF1EB-D012-4A4C-97B2-234F1E992D6A}
	EndProjectSection
EndProject
Global
	GlobalSection(SolutionConfigurationPlatforms) = preSolution
		Debug|Any CPU = Debug|Any CPU
		Release|Any CPU = Release|Any CPU
	EndGlobalSection
	GlobalSection(ProjectConfigurationPlatforms) = postSolution
		{EE8BF1EB-D012-4A4C-97B2-234F1E992D6A}.Debug|Any CPU.ActiveCfg = Debug|Any CPU
		{EE8BF1EB-D012-4A4C-97B2-234F1E992D6A}.Debug|Any CPU.Build.0 = Debug|Any CPU
		{EE8BF1EB-D012-4A4C-97B2-234F1E992D6A}.Release|Any CPU.ActiveCfg = Release|Any CPU
		{EE8BF1EB-D012-4A4C-97B2-234F1E992D6A}.Release|Any CPU.Build.0 = Release|Any CPU
		{8A5D12E7-D8D5-4774-B924-F83B9E76727B}.Debug|Any CPU.ActiveCfg = Debug|Any CPU
		{8A5D12E7-D8D5-4774-B924-F83B9E76727B}.Debug|Any CPU.Build.0 = Debug|Any CPU
		{8A5D12E7-D8D5-4774-B924-F83B9E76727B}.Release|Any CPU.ActiveCfg = Release|Any CPU
		{8A5D12E7-D8D5-4774-B924-F83B9E76727B}.Release|Any CPU.Build.0 = Release|Any CPU
		{71954F3C-54D3-4007-B8AC-C58A0DC2EA15}.Debug|Any CPU.ActiveCfg = Debug|Any CPU
		{71954F3C-54D3-4007-B8AC-C58A0DC2EA15}.Debug|Any CPU.Build.0 = Debug|Any CPU
		{71954F3C-54D3-4007-B8AC-C58A0DC2EA15}.Release|Any CPU.ActiveCfg = Release|Any CPU
		{71954F3C-54D3-4007-B8AC-C58A0DC2EA15}.Release|Any CPU.Build.0 = Release|Any CPU
		{ADA1D536-0178-4D8F-8B79-9861C3CE66BF}.Debug|Any CPU.ActiveCfg = Debug|Any CPU
		{ADA1D536-0178-4D8F-8B79-9861C3CE66BF}.Debug|Any CPU.Build.0 = Debug|Any CPU
		{ADA1D536-0178-4D8F-8B79-9861C3CE66BF}.Release|Any CPU.ActiveCfg = Release|Any CPU
		{ADA1D536-0178-4D8F-8B79-9861C3CE66BF}.Release|Any CPU.Build.0 = Release|Any CPU
		{E67B2BB4-6BB8-4EFE-8171-37D5AB8CDAD5}.Debug|Any CPU.ActiveCfg = Debug|Any CPU
		{E67B2BB4-6BB8-4EFE-8171-37D5AB8CDAD5}.Debug|Any CPU.Build.0 = Debug|Any CPU
		{E67B2BB4-6BB8-4EFE-8171-37D5AB8CDAD5}.Release|Any CPU.ActiveCfg = Release|Any CPU
		{E67B2BB4-6BB8-4EFE-8171-37D5AB8CDAD5}.Release|Any CPU.Build.0 = Release|Any CPU
		{4055A4B8-A333-409A-8DCB-1349A1EE266A}.Debug|Any CPU.ActiveCfg = Debug|Any CPU
		{4055A4B8-A333-409A-8DCB-1349A1EE266A}.Debug|Any CPU.Build.0 = Debug|Any CPU
		{4055A4B8-A333-409A-8DCB-1349A1EE266A}.Release|Any CPU.ActiveCfg = Release|Any CPU
		{4055A4B8-A333-409A-8DCB-1349A1EE266A}.Release|Any CPU.Build.0 = Release|Any CPU
		{C3BB67ED-5DCF-4D8D-83E3-E5990B8D9A98}.Debug|Any CPU.ActiveCfg = Debug|Any CPU
		{C3BB67ED-5DCF-4D8D-83E3-E5990B8D9A98}.Debug|Any CPU.Build.0 = Debug|Any CPU
		{C3BB67ED-5DCF-4D8D-83E3-E5990B8D9A98}.Release|Any CPU.ActiveCfg = Release|Any CPU
		{C3BB67ED-5DCF-4D8D-83E3-E5990B8D9A98}.Release|Any CPU.Build.0 = Release|Any CPU
		{640DEB75-D0A4-4D43-97BB-8C5B753C127E}.Debug|Any CPU.ActiveCfg = Debug|Any CPU
		{640DEB75-D0A4-4D43-97BB-8C5B753C127E}.Debug|Any CPU.Build.0 = Debug|Any CPU
		{640DEB75-D0A4-4D43-97BB-8C5B753C127E}.Release|Any CPU.ActiveCfg = Release|Any CPU
		{640DEB75-D0A4-4D43-97BB-8C5B753C127E}.Release|Any CPU.Build.0 = Release|Any CPU
		{6FFD2B9D-D81C-4262-B2A6-834EF4B428D4}.Debug|Any CPU.ActiveCfg = Debug|Any CPU
		{6FFD2B9D-D81C-4262-B2A6-834EF4B428D4}.Debug|Any CPU.Build.0 = Debug|Any CPU
		{6FFD2B9D-D81C-4262-B2A6-834EF4B428D4}.Release|Any CPU.ActiveCfg = Release|Any CPU
		{6FFD2B9D-D81C-4262-B2A6-834EF4B428D4}.Release|Any CPU.Build.0 = Release|Any CPU
		{0398ACA7-976D-470A-BF9B-B2D1EC4D4380}.Debug|Any CPU.ActiveCfg = Debug|Any CPU
		{0398ACA7-976D-470A-BF9B-B2D1EC4D4380}.Debug|Any CPU.Build.0 = Debug|Any CPU
		{0398ACA7-976D-470A-BF9B-B2D1EC4D4380}.Release|Any CPU.ActiveCfg = Release|Any CPU
		{0398ACA7-976D-470A-BF9B-B2D1EC4D4380}.Release|Any CPU.Build.0 = Release|Any CPU
		{9FE4365A-C905-46B9-AC85-F83604D837B5}.Debug|Any CPU.ActiveCfg = Debug|Any CPU
		{9FE4365A-C905-46B9-AC85-F83604D837B5}.Debug|Any CPU.Build.0 = Debug|Any CPU
		{9FE4365A-C905-46B9-AC85-F83604D837B5}.Release|Any CPU.ActiveCfg = Release|Any CPU
		{9FE4365A-C905-46B9-AC85-F83604D837B5}.Release|Any CPU.Build.0 = Release|Any CPU
	EndGlobalSection
	GlobalSection(SolutionProperties) = preSolution
		HideSolutionNode = FALSE
	EndGlobalSection
EndGlobal
